
Microsoft Visual Studio Solution File, Format Version 12.00
# Visual Studio Version 17
VisualStudioVersion = 17.4.33205.214
MinimumVisualStudioVersion = 10.0.40219.1
Project("{9A19103F-16F7-4668-BE54-9A1E7A4F7556}") = "ShopOnline.Web", "ShopOnline.Web\ShopOnline.Web.csproj", "{806148CC-66D7-4925-978D-41A7D12F3793}"
EndProject
Project("{9A19103F-16F7-4668-BE54-9A1E7A4F7556}") = "ShopOnline.Api", "ShopOnline.Api\ShopOnline.Api.csproj", "{49A8AC12-8B56-415F-BB2F-D3C8A7CAD0B2}"
EndProject
Project("{9A19103F-16F7-4668-BE54-9A1E7A4F7556}") = "ShopOnline.Models", "ShopOnline.Models\ShopOnline.Models.csproj", "{D3437F14-011D-4BF1-AD15-6ECB3FD2270B}"
EndProject
Global
	GlobalSection(SolutionConfigurationPlatforms) = preSolution
		Debug|Any CPU = Debug|Any CPU
		Release|Any CPU = Release|Any CPU
	EndGlobalSection
	GlobalSection(ProjectConfigurationPlatforms) = postSolution
		{806148CC-66D7-4925-978D-41A7D12F3793}.Debug|Any CPU.ActiveCfg = Debug|Any CPU
		{806148CC-66D7-4925-978D-41A7D12F3793}.Debug|Any CPU.Build.0 = Debug|Any CPU
		{806148CC-66D7-4925-978D-41A7D12F3793}.Release|Any CPU.ActiveCfg = Release|Any CPU
		{806148CC-66D7-4925-978D-41A7D12F3793}.Release|Any CPU.Build.0 = Release|Any CPU
		{49A8AC12-8B56-415F-BB2F-D3C8A7CAD0B2}.Debug|Any CPU.ActiveCfg = Debug|Any CPU
		{49A8AC12-8B56-415F-BB2F-D3C8A7CAD0B2}.Debug|Any CPU.Build.0 = Debug|Any CPU
		{49A8AC12-8B56-415F-BB2F-D3C8A7CAD0B2}.Release|Any CPU.ActiveCfg = Release|Any CPU
		{49A8AC12-8B56-415F-BB2F-D3C8A7CAD0B2}.Release|Any CPU.Build.0 = Release|Any CPU
		{D3437F14-011D-4BF1-AD15-6ECB3FD2270B}.Debug|Any CPU.ActiveCfg = Debug|Any CPU
		{D3437F14-011D-4BF1-AD15-6ECB3FD2270B}.Debug|Any CPU.Build.0 = Debug|Any CPU
		{D3437F14-011D-4BF1-AD15-6ECB3FD2270B}.Release|Any CPU.ActiveCfg = Release|Any CPU
		{D3437F14-011D-4BF1-AD15-6ECB3FD2270B}.Release|Any CPU.Build.0 = Release|Any CPU
	EndGlobalSection
	GlobalSection(SolutionProperties) = preSolution
		HideSolutionNode = FALSE
	EndGlobalSection
	GlobalSection(ExtensibilityGlobals) = postSolution
		SolutionGuid = {4C7BE1DC-D32E-4FB2-BC09-41AF43240B01}
	EndGlobalSection
EndGlobal
